
Microsoft Visual Studio Solution File, Format Version 12.00
# Visual Studio Version 17
VisualStudioVersion = 17.8.34330.188
MinimumVisualStudioVersion = 10.0.40219.1
Project("{9A19103F-16F7-4668-BE54-9A1E7A4F7556}") = "TheHorse'sWalk", "TheHorse'sWalk\TheHorse'sWalk.csproj", "{66AE24C4-BA21-4ACA-971B-615667326AE8}"
EndProject
Project("{9A19103F-16F7-4668-BE54-9A1E7A4F7556}") = "Labyrinth", "Labyrinth\Labyrinth.csproj", "{409BF410-2214-4AC7-AF8B-EF847DC3ED42}"
EndProject
Project("{FAE04EC0-301F-11D3-BF4B-00C04F79EFBC}") = "HanoiTowers", "HanoiTowers\HanoiTowers.csproj", "{D1DC174D-6185-4D63-B923-2434ADC7D1E6}"
EndProject
Global
	GlobalSection(SolutionConfigurationPlatforms) = preSolution
		Debug|Any CPU = Debug|Any CPU
		Release|Any CPU = Release|Any CPU
	EndGlobalSection
	GlobalSection(ProjectConfigurationPlatforms) = postSolution
		{66AE24C4-BA21-4ACA-971B-615667326AE8}.Debug|Any CPU.ActiveCfg = Debug|Any CPU
		{66AE24C4-BA21-4ACA-971B-615667326AE8}.Debug|Any CPU.Build.0 = Debug|Any CPU
		{66AE24C4-BA21-4ACA-971B-615667326AE8}.Release|Any CPU.ActiveCfg = Release|Any CPU
		{66AE24C4-BA21-4ACA-971B-615667326AE8}.Release|Any CPU.Build.0 = Release|Any CPU
		{409BF410-2214-4AC7-AF8B-EF847DC3ED42}.Debug|Any CPU.ActiveCfg = Debug|Any CPU
		{409BF410-2214-4AC7-AF8B-EF847DC3ED42}.Debug|Any CPU.Build.0 = Debug|Any CPU
		{409BF410-2214-4AC7-AF8B-EF847DC3ED42}.Release|Any CPU.ActiveCfg = Release|Any CPU
		{409BF410-2214-4AC7-AF8B-EF847DC3ED42}.Release|Any CPU.Build.0 = Release|Any CPU
		{D1DC174D-6185-4D63-B923-2434ADC7D1E6}.Debug|Any CPU.ActiveCfg = Debug|Any CPU
		{D1DC174D-6185-4D63-B923-2434ADC7D1E6}.Debug|Any CPU.Build.0 = Debug|Any CPU
		{D1DC174D-6185-4D63-B923-2434ADC7D1E6}.Release|Any CPU.ActiveCfg = Release|Any CPU
		{D1DC174D-6185-4D63-B923-2434ADC7D1E6}.Release|Any CPU.Build.0 = Release|Any CPU
	EndGlobalSection
	GlobalSection(SolutionProperties) = preSolution
		HideSolutionNode = FALSE
	EndGlobalSection
	GlobalSection(ExtensibilityGlobals) = postSolution
		SolutionGuid = {35B6A699-054C-469F-B721-9F9774E225F4}
	EndGlobalSection
EndGlobal
